
Microsoft Visual Studio Solution File, Format Version 12.00
# Visual Studio Version 17
VisualStudioVersion = 17.1.32407.343
MinimumVisualStudioVersion = 10.0.40219.1
Project("{FAE04EC0-301F-11D3-BF4B-00C04F79EFBC}") = "RestaurantAPI", "RestaurantAPI\RestaurantAPI.csproj", "{BA0278E0-C223-4A38-B878-047BFDEB59DC}"
EndProject
Global
	GlobalSection(SolutionConfigurationPlatforms) = preSolution
		Debug|Any CPU = Debug|Any CPU
		Release|Any CPU = Release|Any CPU
	EndGlobalSection
	GlobalSection(ProjectConfigurationPlatforms) = postSolution
		{BA0278E0-C223-4A38-B878-047BFDEB59DC}.Debug|Any CPU.ActiveCfg = Debug|Any CPU
		{BA0278E0-C223-4A38-B878-047BFDEB59DC}.Debug|Any CPU.Build.0 = Debug|Any CPU
		{BA0278E0-C223-4A38-B878-047BFDEB59DC}.Release|Any CPU.ActiveCfg = Release|Any CPU
		{BA0278E0-C223-4A38-B878-047BFDEB59DC}.Release|Any CPU.Build.0 = Release|Any CPU
	EndGlobalSection
	GlobalSection(SolutionProperties) = preSolution
		HideSolutionNode = FALSE
	EndGlobalSection
	GlobalSection(ExtensibilityGlobals) = postSolution
		SolutionGuid = {C5E91113-5452-4BD6-A8B3-2A77714B1EE0}
	EndGlobalSection
EndGlobal
